// !$*UTF8*$!
{
	archiveVersion = 1;
	classes = {
	};
	objectVersion = 48;
	objects = {

/* Begin PBXBuildFile section */
		00A62BF21F2CEF3000081BBD /* AppDelegate.swift in Sources */ = {isa = PBXBuildFile; fileRef = 00A62BF11F2CEF3000081BBD /* AppDelegate.swift */; };
		00A62BF41F2CEF3000081BBD /* MainVC.swift in Sources */ = {isa = PBXBuildFile; fileRef = 00A62BF31F2CEF3000081BBD /* MainVC.swift */; };
		00A62BF71F2CEF3000081BBD /* Main.storyboard in Resources */ = {isa = PBXBuildFile; fileRef = 00A62BF51F2CEF3000081BBD /* Main.storyboard */; };
		00A62BF91F2CEF3000081BBD /* Assets.xcassets in Resources */ = {isa = PBXBuildFile; fileRef = 00A62BF81F2CEF3000081BBD /* Assets.xcassets */; };
		00A62BFC1F2CEF3000081BBD /* LaunchScreen.storyboard in Resources */ = {isa = PBXBuildFile; fileRef = 00A62BFA1F2CEF3000081BBD /* LaunchScreen.storyboard */; };
		00A62C081F2D07B800081BBD /* CurrencyTextField.swift in Sources */ = {isa = PBXBuildFile; fileRef = 00A62C071F2D07B800081BBD /* CurrencyTextField.swift */; };
		00E870081F2E507900BF1772 /* WindowShopperTests.swift in Sources */ = {isa = PBXBuildFile; fileRef = 00E870071F2E507900BF1772 /* WindowShopperTests.swift */; };
		00E870101F2E50A700BF1772 /* Wage.swift in Sources */ = {isa = PBXBuildFile; fileRef = 00E8700F1F2E50A700BF1772 /* Wage.swift */; };
		00E870111F2E538400BF1772 /* Wage.swift in Sources */ = {isa = PBXBuildFile; fileRef = 00E8700F1F2E50A700BF1772 /* Wage.swift */; };
		00E870131F2E65F200BF1772 /* ButtonStyles.swift in Sources */ = {isa = PBXBuildFile; fileRef = 00E870121F2E65F200BF1772 /* ButtonStyles.swift */; };
/* End PBXBuildFile section */

/* Begin PBXContainerItemProxy section */
		00E8700A1F2E507900BF1772 /* PBXContainerItemProxy */ = {
			isa = PBXContainerItemProxy;
			containerPortal = 00A62BE61F2CEF2F00081BBD /* Project object */;
			proxyType = 1;
			remoteGlobalIDString = 00A62BED1F2CEF2F00081BBD;
			remoteInfo = WindowShopper;
		};
/* End PBXContainerItemProxy section */

/* Begin PBXFileReference section */
		00A62BEE1F2CEF2F00081BBD /* WindowShopper.app */ = {isa = PBXFileReference; explicitFileType = wrapper.application; includeInIndex = 0; path = WindowShopper.app; sourceTree = BUILT_PRODUCTS_DIR; };
		00A62BF11F2CEF3000081BBD /* AppDelegate.swift */ = {isa = PBXFileReference; lastKnownFileType = sourcecode.swift; path = AppDelegate.swift; sourceTree = "<group>"; };
		00A62BF31F2CEF3000081BBD /* MainVC.swift */ = {isa = PBXFileReference; lastKnownFileType = sourcecode.swift; path = MainVC.swift; sourceTree = "<group>"; };
		00A62BF61F2CEF3000081BBD /* Base */ = {isa = PBXFileReference; lastKnownFileType = file.storyboard; name = Base; path = Base.lproj/Main.storyboard; sourceTree = "<group>"; };
		00A62BF81F2CEF3000081BBD /* Assets.xcassets */ = {isa = PBXFileReference; lastKnownFileType = folder.assetcatalog; path = Assets.xcassets; sourceTree = "<group>"; };
		00A62BFB1F2CEF3000081BBD /* Base */ = {isa = PBXFileReference; lastKnownFileType = file.storyboard; name = Base; path = Base.lproj/LaunchScreen.storyboard; sourceTree = "<group>"; };
		00A62BFD1F2CEF3000081BBD /* Info.plist */ = {isa = PBXFileReference; lastKnownFileType = text.plist.xml; path = Info.plist; sourceTree = "<group>"; };
		00A62C071F2D07B800081BBD /* CurrencyTextField.swift */ = {isa = PBXFileReference; lastKnownFileType = sourcecode.swift; path = CurrencyTextField.swift; sourceTree = "<group>"; };
		00E870051F2E507800BF1772 /* WindowShopperTests.xctest */ = {isa = PBXFileReference; explicitFileType = wrapper.cfbundle; includeInIndex = 0; path = WindowShopperTests.xctest; sourceTree = BUILT_PRODUCTS_DIR; };
		00E870071F2E507900BF1772 /* WindowShopperTests.swift */ = {isa = PBXFileReference; lastKnownFileType = sourcecode.swift; path = WindowShopperTests.swift; sourceTree = "<group>"; };
		00E870091F2E507900BF1772 /* Info.plist */ = {isa = PBXFileReference; lastKnownFileType = text.plist.xml; path = Info.plist; sourceTree = "<group>"; };
		00E8700F1F2E50A700BF1772 /* Wage.swift */ = {isa = PBXFileReference; lastKnownFileType = sourcecode.swift; path = Wage.swift; sourceTree = "<group>"; };
		00E870121F2E65F200BF1772 /* ButtonStyles.swift */ = {isa = PBXFileReference; lastKnownFileType = sourcecode.swift; path = ButtonStyles.swift; sourceTree = "<group>"; };
/* End PBXFileReference section */

/* Begin PBXFrameworksBuildPhase section */
		00A62BEB1F2CEF2F00081BBD /* Frameworks */ = {
			isa = PBXFrameworksBuildPhase;
			buildActionMask = 2147483647;
			files = (
			);
			runOnlyForDeploymentPostprocessing = 0;
		};
		00E870021F2E507800BF1772 /* Frameworks */ = {
			isa = PBXFrameworksBuildPhase;
			buildActionMask = 2147483647;
			files = (
			);
			runOnlyForDeploymentPostprocessing = 0;
		};
/* End PBXFrameworksBuildPhase section */

/* Begin PBXGroup section */
		00A62BE51F2CEF2F00081BBD = {
			isa = PBXGroup;
			children = (
				00A62BF01F2CEF2F00081BBD /* WindowShopper */,
				00E870061F2E507900BF1772 /* WindowShopperTests */,
				00A62BEF1F2CEF2F00081BBD /* Products */,
			);
			sourceTree = "<group>";
		};
		00A62BEF1F2CEF2F00081BBD /* Products */ = {
			isa = PBXGroup;
			children = (
				00A62BEE1F2CEF2F00081BBD /* WindowShopper.app */,
				00E870051F2E507800BF1772 /* WindowShopperTests.xctest */,
			);
			name = Products;
			sourceTree = "<group>";
		};
		00A62BF01F2CEF2F00081BBD /* WindowShopper */ = {
			isa = PBXGroup;
			children = (
				00A62C051F2CF2E300081BBD /* Controller */,
				00A62C041F2CF2DC00081BBD /* View */,
				00A62C031F2CF2CD00081BBD /* Model */,
				00A62BF11F2CEF3000081BBD /* AppDelegate.swift */,
				00A62BF51F2CEF3000081BBD /* Main.storyboard */,
				00A62BF81F2CEF3000081BBD /* Assets.xcassets */,
				00A62BFA1F2CEF3000081BBD /* LaunchScreen.storyboard */,
				00A62BFD1F2CEF3000081BBD /* Info.plist */,
			);
			path = WindowShopper;
			sourceTree = "<group>";
		};
		00A62C031F2CF2CD00081BBD /* Model */ = {
			isa = PBXGroup;
			children = (
				00E8700F1F2E50A700BF1772 /* Wage.swift */,
			);
			path = Model;
			sourceTree = "<group>";
		};
		00A62C041F2CF2DC00081BBD /* View */ = {
			isa = PBXGroup;
			children = (
				00A62C071F2D07B800081BBD /* CurrencyTextField.swift */,
				00E870121F2E65F200BF1772 /* ButtonStyles.swift */,
			);
			path = View;
			sourceTree = "<group>";
		};
		00A62C051F2CF2E300081BBD /* Controller */ = {
			isa = PBXGroup;
			children = (
				00A62BF31F2CEF3000081BBD /* MainVC.swift */,
			);
			path = Controller;
			sourceTree = "<group>";
		};
		00E870061F2E507900BF1772 /* WindowShopperTests */ = {
			isa = PBXGroup;
			children = (
				00E870071F2E507900BF1772 /* WindowShopperTests.swift */,
				00E870091F2E507900BF1772 /* Info.plist */,
			);
			path = WindowShopperTests;
			sourceTree = "<group>";
		};
/* End PBXGroup section */

/* Begin PBXNativeTarget section */
		00A62BED1F2CEF2F00081BBD /* WindowShopper */ = {
			isa = PBXNativeTarget;
			buildConfigurationList = 00A62C001F2CEF3000081BBD /* Build configuration list for PBXNativeTarget "WindowShopper" */;
			buildPhases = (
				00A62BEA1F2CEF2F00081BBD /* Sources */,
				00A62BEB1F2CEF2F00081BBD /* Frameworks */,
				00A62BEC1F2CEF2F00081BBD /* Resources */,
			);
			buildRules = (
			);
			dependencies = (
			);
			name = WindowShopper;
			productName = WindowShopper;
			productReference = 00A62BEE1F2CEF2F00081BBD /* WindowShopper.app */;
			productType = "com.apple.product-type.application";
		};
		00E870041F2E507800BF1772 /* WindowShopperTests */ = {
			isa = PBXNativeTarget;
			buildConfigurationList = 00E8700C1F2E507900BF1772 /* Build configuration list for PBXNativeTarget "WindowShopperTests" */;
			buildPhases = (
				00E870011F2E507800BF1772 /* Sources */,
				00E870021F2E507800BF1772 /* Frameworks */,
				00E870031F2E507800BF1772 /* Resources */,
			);
			buildRules = (
			);
			dependencies = (
				00E8700B1F2E507900BF1772 /* PBXTargetDependency */,
			);
			name = WindowShopperTests;
			productName = WindowShopperTests;
			productReference = 00E870051F2E507800BF1772 /* WindowShopperTests.xctest */;
			productType = "com.apple.product-type.bundle.unit-test";
		};
/* End PBXNativeTarget section */

/* Begin PBXProject section */
		00A62BE61F2CEF2F00081BBD /* Project object */ = {
			isa = PBXProject;
			attributes = {
				LastSwiftUpdateCheck = 0900;
				LastUpgradeCheck = 0900;
				ORGANIZATIONNAME = "Arthur Pujols";
				TargetAttributes = {
					00A62BED1F2CEF2F00081BBD = {
						CreatedOnToolsVersion = 9.0;
					};
					00E870041F2E507800BF1772 = {
						CreatedOnToolsVersion = 9.0;
						TestTargetID = 00A62BED1F2CEF2F00081BBD;
					};
				};
			};
			buildConfigurationList = 00A62BE91F2CEF2F00081BBD /* Build configuration list for PBXProject "WindowShopper" */;
			compatibilityVersion = "Xcode 8.0";
			developmentRegion = en;
			hasScannedForEncodings = 0;
			knownRegions = (
				en,
				Base,
			);
			mainGroup = 00A62BE51F2CEF2F00081BBD;
			productRefGroup = 00A62BEF1F2CEF2F00081BBD /* Products */;
			projectDirPath = "";
			projectRoot = "";
			targets = (
				00A62BED1F2CEF2F00081BBD /* WindowShopper */,
				00E870041F2E507800BF1772 /* WindowShopperTests */,
			);
		};
/* End PBXProject section */

/* Begin PBXResourcesBuildPhase section */
		00A62BEC1F2CEF2F00081BBD /* Resources */ = {
			isa = PBXResourcesBuildPhase;
			buildActionMask = 2147483647;
			files = (
				00A62BFC1F2CEF3000081BBD /* LaunchScreen.storyboard in Resources */,
				00A62BF91F2CEF3000081BBD /* Assets.xcassets in Resources */,
				00A62BF71F2CEF3000081BBD /* Main.storyboard in Resources */,
			);
			runOnlyForDeploymentPostprocessing = 0;
		};
		00E870031F2E507800BF1772 /* Resources */ = {
			isa = PBXResourcesBuildPhase;
			buildActionMask = 2147483647;
			files = (
			);
			runOnlyForDeploymentPostprocessing = 0;
		};
/* End PBXResourcesBuildPhase section */

/* Begin PBXSourcesBuildPhase section */
		00A62BEA1F2CEF2F00081BBD /* Sources */ = {
			isa = PBXSourcesBuildPhase;
			buildActionMask = 2147483647;
			files = (
				00A62C081F2D07B800081BBD /* CurrencyTextField.swift in Sources */,
				00E870101F2E50A700BF1772 /* Wage.swift in Sources */,
				00A62BF41F2CEF3000081BBD /* MainVC.swift in Sources */,
				00E870131F2E65F200BF1772 /* ButtonStyles.swift in Sources */,
				00A62BF21F2CEF3000081BBD /* AppDelegate.swift in Sources */,
			);
			runOnlyForDeploymentPostprocessing = 0;
		};
		00E870011F2E507800BF1772 /* Sources */ = {
			isa = PBXSourcesBuildPhase;
			buildActionMask = 2147483647;
			files = (
				00E870081F2E507900BF1772 /* WindowShopperTests.swift in Sources */,
				00E870111F2E538400BF1772 /* Wage.swift in Sources */,
			);
			runOnlyForDeploymentPostprocessing = 0;
		};
/* End PBXSourcesBuildPhase section */

/* Begin PBXTargetDependency section */
		00E8700B1F2E507900BF1772 /* PBXTargetDependency */ = {
			isa = PBXTargetDependency;
			target = 00A62BED1F2CEF2F00081BBD /* WindowShopper */;
			targetProxy = 00E8700A1F2E507900BF1772 /* PBXContainerItemProxy */;
		};
/* End PBXTargetDependency section */

/* Begin PBXVariantGroup section */
		00A62BF51F2CEF3000081BBD /* Main.storyboard */ = {
			isa = PBXVariantGroup;
			children = (
				00A62BF61F2CEF3000081BBD /* Base */,
			);
			name = Main.storyboard;
			sourceTree = "<group>";
		};
		00A62BFA1F2CEF3000081BBD /* LaunchScreen.storyboard */ = {
			isa = PBXVariantGroup;
			children = (
				00A62BFB1F2CEF3000081BBD /* Base */,
			);
			name = LaunchScreen.storyboard;
			sourceTree = "<group>";
		};
/* End PBXVariantGroup section */

/* Begin XCBuildConfiguration section */
		00A62BFE1F2CEF3000081BBD /* Debug */ = {
			isa = XCBuildConfiguration;
			buildSettings = {
				ALWAYS_SEARCH_USER_PATHS = NO;
				CLANG_ANALYZER_NONNULL = YES;
				CLANG_ANALYZER_NUMBER_OBJECT_CONVERSION = YES_AGGRESSIVE;
				CLANG_CXX_LANGUAGE_STANDARD = "gnu++14";
				CLANG_CXX_LIBRARY = "libc++";
				CLANG_ENABLE_MODULES = YES;
				CLANG_ENABLE_OBJC_ARC = YES;
				CLANG_WARN_BLOCK_CAPTURE_AUTORELEASING = YES;
				CLANG_WARN_BOOL_CONVERSION = YES;
				CLANG_WARN_COMMA = YES;
				CLANG_WARN_CONSTANT_CONVERSION = YES;
				CLANG_WARN_DIRECT_OBJC_ISA_USAGE = YES_ERROR;
				CLANG_WARN_DOCUMENTATION_COMMENTS = YES;
				CLANG_WARN_EMPTY_BODY = YES;
				CLANG_WARN_ENUM_CONVERSION = YES;
				CLANG_WARN_INFINITE_RECURSION = YES;
				CLANG_WARN_INT_CONVERSION = YES;
				CLANG_WARN_NON_LITERAL_NULL_CONVERSION = YES;
				CLANG_WARN_OBJC_LITERAL_CONVERSION = YES;
				CLANG_WARN_OBJC_ROOT_CLASS = YES_ERROR;
				CLANG_WARN_RANGE_LOOP_ANALYSIS = YES;
				CLANG_WARN_STRICT_PROTOTYPES = YES;
				CLANG_WARN_SUSPICIOUS_MOVE = YES;
				CLANG_WARN_UNGUARDED_AVAILABILITY = YES_AGGRESSIVE;
				CLANG_WARN_UNREACHABLE_CODE = YES;
				CLANG_WARN__DUPLICATE_METHOD_MATCH = YES;
				CODE_SIGN_IDENTITY = "iPhone Developer";
				COPY_PHASE_STRIP = NO;
				DEBUG_INFORMATION_FORMAT = dwarf;
				ENABLE_STRICT_OBJC_MSGSEND = YES;
				ENABLE_TESTABILITY = YES;
				GCC_C_LANGUAGE_STANDARD = gnu11;
				GCC_DYNAMIC_NO_PIC = NO;
				GCC_NO_COMMON_BLOCKS = YES;
				GCC_OPTIMIZATION_LEVEL = 0;
				GCC_PREPROCESSOR_DEFINITIONS = (
					"DEBUG=1",
					"$(inherited)",
				);
				GCC_WARN_64_TO_32_BIT_CONVERSION = YES;
				GCC_WARN_ABOUT_RETURN_TYPE = YES_ERROR;
				GCC_WARN_UNDECLARED_SELECTOR = YES;
				GCC_WARN_UNINITIALIZED_AUTOS = YES_AGGRESSIVE;
				GCC_WARN_UNUSED_FUNCTION = YES;
				GCC_WARN_UNUSED_VARIABLE = YES;
				IPHONEOS_DEPLOYMENT_TARGET = 11.0;
				MTL_ENABLE_DEBUG_INFO = YES;
				ONLY_ACTIVE_ARCH = YES;
				SDKROOT = iphoneos;
				SWIFT_ACTIVE_COMPILATION_CONDITIONS = DEBUG;
				SWIFT_OPTIMIZATION_LEVEL = "-Onone";
			};
			name = Debug;
		};
		00A62BFF1F2CEF3000081BBD /* Release */ = {
			isa = XCBuildConfiguration;
			buildSettings = {
				ALWAYS_SEARCH_USER_PATHS = NO;
				CLANG_ANALYZER_NONNULL = YES;
				CLANG_ANALYZER_NUMBER_OBJECT_CONVERSION = YES_AGGRESSIVE;
				CLANG_CXX_LANGUAGE_STANDARD = "gnu++14";
				CLANG_CXX_LIBRARY = "libc++";
				CLANG_ENABLE_MODULES = YES;
				CLANG_ENABLE_OBJC_ARC = YES;
				CLANG_WARN_BLOCK_CAPTURE_AUTORELEASING = YES;
				CLANG_WARN_BOOL_CONVERSION = YES;
				CLANG_WARN_COMMA = YES;
				CLANG_WARN_CONSTANT_CONVERSION = YES;
				CLANG_WARN_DIRECT_OBJC_ISA_USAGE = YES_ERROR;
				CLANG_WARN_DOCUMENTATION_COMMENTS = YES;
				CLANG_WARN_EMPTY_BODY = YES;
				CLANG_WARN_ENUM_CONVERSION = YES;
				CLANG_WARN_INFINITE_RECURSION = YES;
				CLANG_WARN_INT_CONVERSION = YES;
				CLANG_WARN_NON_LITERAL_NULL_CONVERSION = YES;
				CLANG_WARN_OBJC_LITERAL_CONVERSION = YES;
				CLANG_WARN_OBJC_ROOT_CLASS = YES_ERROR;
				CLANG_WARN_RANGE_LOOP_ANALYSIS = YES;
				CLANG_WARN_STRICT_PROTOTYPES = YES;
				CLANG_WARN_SUSPICIOUS_MOVE = YES;
				CLANG_WARN_UNGUARDED_AVAILABILITY = YES_AGGRESSIVE;
				CLANG_WARN_UNREACHABLE_CODE = YES;
				CLANG_WARN__DUPLICATE_METHOD_MATCH = YES;
				CODE_SIGN_IDENTITY = "iPhone Developer";
				COPY_PHASE_STRIP = NO;
				DEBUG_INFORMATION_FORMAT = "dwarf-with-dsym";
				ENABLE_NS_ASSERTIONS = NO;
				ENABLE_STRICT_OBJC_MSGSEND = YES;
				GCC_C_LANGUAGE_STANDARD = gnu11;
				GCC_NO_COMMON_BLOCKS = YES;
				GCC_WARN_64_TO_32_BIT_CONVERSION = YES;
				GCC_WARN_ABOUT_RETURN_TYPE = YES_ERROR;
				GCC_WARN_UNDECLARED_SELECTOR = YES;
				GCC_WARN_UNINITIALIZED_AUTOS = YES_AGGRESSIVE;
				GCC_WARN_UNUSED_FUNCTION = YES;
				GCC_WARN_UNUSED_VARIABLE = YES;
				IPHONEOS_DEPLOYMENT_TARGET = 11.0;
				MTL_ENABLE_DEBUG_INFO = NO;
				SDKROOT = iphoneos;
				SWIFT_OPTIMIZATION_LEVEL = "-Owholemodule";
				VALIDATE_PRODUCT = YES;
			};
			name = Release;
		};
		00A62C011F2CEF3000081BBD /* Debug */ = {
			isa = XCBuildConfiguration;
			buildSettings = {
				ASSETCATALOG_COMPILER_APPICON_NAME = AppIcon;
				INFOPLIST_FILE = WindowShopper/Info.plist;
				LD_RUNPATH_SEARCH_PATHS = "$(inherited) @executable_path/Frameworks";
				PRODUCT_BUNDLE_IDENTIFIER = JacallDev.WindowShopper;
				PRODUCT_NAME = "$(TARGET_NAME)";
				SWIFT_VERSION = 4.0;
				TARGETED_DEVICE_FAMILY = "1,2";
			};
			name = Debug;
		};
		00A62C021F2CEF3000081BBD /* Release */ = {
			isa = XCBuildConfiguration;
			buildSettings = {
				ASSETCATALOG_COMPILER_APPICON_NAME = AppIcon;
				INFOPLIST_FILE = WindowShopper/Info.plist;
				LD_RUNPATH_SEARCH_PATHS = "$(inherited) @executable_path/Frameworks";
				PRODUCT_BUNDLE_IDENTIFIER = JacallDev.WindowShopper;
				PRODUCT_NAME = "$(TARGET_NAME)";
				SWIFT_VERSION = 4.0;
				TARGETED_DEVICE_FAMILY = "1,2";
			};
			name = Release;
		};
		00E8700D1F2E507900BF1772 /* Debug */ = {
			isa = XCBuildConfiguration;
			buildSettings = {
				BUNDLE_LOADER = "$(TEST_HOST)";
				INFOPLIST_FILE = WindowShopperTests/Info.plist;
				LD_RUNPATH_SEARCH_PATHS = "$(inherited) @executable_path/Frameworks @loader_path/Frameworks";
				PRODUCT_BUNDLE_IDENTIFIER = JacallDev.WindowShopperTests;
				PRODUCT_NAME = "$(TARGET_NAME)";
				SWIFT_VERSION = 4.0;
				TARGETED_DEVICE_FAMILY = "1,2";
				TEST_HOST = "$(BUILT_PRODUCTS_DIR)/WindowShopper.app/WindowShopper";
			};
			name = Debug;
		};
		00E8700E1F2E507900BF1772 /* Release */ = {
			isa = XCBuildConfiguration;
			buildSettings = {
				BUNDLE_LOADER = "$(TEST_HOST)";
				INFOPLIST_FILE = WindowShopperTests/Info.plist;
				LD_RUNPATH_SEARCH_PATHS = "$(inherited) @executable_path/Frameworks @loader_path/Frameworks";
				PRODUCT_BUNDLE_IDENTIFIER = JacallDev.WindowShopperTests;
				PRODUCT_NAME = "$(TARGET_NAME)";
				SWIFT_VERSION = 4.0;
				TARGETED_DEVICE_FAMILY = "1,2";
				TEST_HOST = "$(BUILT_PRODUCTS_DIR)/WindowShopper.app/WindowShopper";
			};
			name = Release;
		};
/* End XCBuildConfiguration section */

/* Begin XCConfigurationList section */
		00A62BE91F2CEF2F00081BBD /* Build configuration list for PBXProject "WindowShopper" */ = {
			isa = XCConfigurationList;
			buildConfigurations = (
				00A62BFE1F2CEF3000081BBD /* Debug */,
				00A62BFF1F2CEF3000081BBD /* Release */,
			);
			defaultConfigurationIsVisible = 0;
			defaultConfigurationName = Release;
		};
		00A62C001F2CEF3000081BBD /* Build configuration list for PBXNativeTarget "WindowShopper" */ = {
			isa = XCConfigurationList;
			buildConfigurations = (
				00A62C011F2CEF3000081BBD /* Debug */,
				00A62C021F2CEF3000081BBD /* Release */,
			);
			defaultConfigurationIsVisible = 0;
			defaultConfigurationName = Release;
		};
		00E8700C1F2E507900BF1772 /* Build configuration list for PBXNativeTarget "WindowShopperTests" */ = {
			isa = XCConfigurationList;
			buildConfigurations = (
				00E8700D1F2E507900BF1772 /* Debug */,
				00E8700E1F2E507900BF1772 /* Release */,
			);
			defaultConfigurationIsVisible = 0;
		};
/* End XCConfigurationList section */
	};
	rootObject = 00A62BE61F2CEF2F00081BBD /* Project object */;
}
